
Microsoft Visual Studio Solution File, Format Version 12.00
# Visual Studio Version 17
VisualStudioVersion = 17.7.34031.279
MinimumVisualStudioVersion = 10.0.40219.1
Project("{FAE04EC0-301F-11D3-BF4B-00C04F79EFBC}") = "Listing01_01", "Listing01_01\Listing01_01.csproj", "{EB992353-5A95-41BA-B4FD-55257A9132EB}"
EndProject
Global
	GlobalSection(SolutionConfigurationPlatforms) = preSolution
		Debug|Any CPU = Debug|Any CPU
		Release|Any CPU = Release|Any CPU
	EndGlobalSection
	GlobalSection(ProjectConfigurationPlatforms) = postSolution
		{EB992353-5A95-41BA-B4FD-55257A9132EB}.Debug|Any CPU.ActiveCfg = Debug|Any CPU
		{EB992353-5A95-41BA-B4FD-55257A9132EB}.Debug|Any CPU.Build.0 = Debug|Any CPU
		{EB992353-5A95-41BA-B4FD-55257A9132EB}.Release|Any CPU.ActiveCfg = Release|Any CPU
		{EB992353-5A95-41BA-B4FD-55257A9132EB}.Release|Any CPU.Build.0 = Release|Any CPU
	EndGlobalSection
	GlobalSection(SolutionProperties) = preSolution
		HideSolutionNode = FALSE
	EndGlobalSection
	GlobalSection(ExtensibilityGlobals) = postSolution
		SolutionGuid = {8622BB74-58A2-44F6-A56B-94C193302311}
	EndGlobalSection
EndGlobal
